
Microsoft Visual Studio Solution File, Format Version 12.00
# Visual Studio 15
VisualStudioVersion = 15.0.28010.0
MinimumVisualStudioVersion = 10.0.40219.1
Project("{FAE04EC0-301F-11D3-BF4B-00C04F79EFBC}") = "Loja", "Loja\Loja.csproj", "{2EF0CF88-65ED-42EE-869D-76B8695C7707}"
EndProject
Global
	GlobalSection(SolutionConfigurationPlatforms) = preSolution
		Debug|Any CPU = Debug|Any CPU
		Release|Any CPU = Release|Any CPU
	EndGlobalSection
	GlobalSection(ProjectConfigurationPlatforms) = postSolution
		{2EF0CF88-65ED-42EE-869D-76B8695C7707}.Debug|Any CPU.ActiveCfg = Debug|Any CPU
		{2EF0CF88-65ED-42EE-869D-76B8695C7707}.Debug|Any CPU.Build.0 = Debug|Any CPU
		{2EF0CF88-65ED-42EE-869D-76B8695C7707}.Release|Any CPU.ActiveCfg = Release|Any CPU
		{2EF0CF88-65ED-42EE-869D-76B8695C7707}.Release|Any CPU.Build.0 = Release|Any CPU
	EndGlobalSection
	GlobalSection(SolutionProperties) = preSolution
		HideSolutionNode = FALSE
	EndGlobalSection
	GlobalSection(ExtensibilityGlobals) = postSolution
		SolutionGuid = {DCDC4467-74E0-41CF-B538-1766332F5DFB}
	EndGlobalSection
EndGlobal
